
Microsoft Visual Studio Solution File, Format Version 12.00
# Visual Studio Version 17
VisualStudioVersion = 17.11.35327.3
MinimumVisualStudioVersion = 10.0.40219.1
Project("{FAE04EC0-301F-11D3-BF4B-00C04F79EFBC}") = "CSE422_NguyenThanhDuy_Lab2", "CSE422_NguyenThanhDuy_Lab2\CSE422_NguyenThanhDuy_Lab2.csproj", "{F13F7C7A-F667-4FAB-B11F-B500850B1B9B}"
EndProject
Global
	GlobalSection(SolutionConfigurationPlatforms) = preSolution
		Debug|Any CPU = Debug|Any CPU
		Release|Any CPU = Release|Any CPU
	EndGlobalSection
	GlobalSection(ProjectConfigurationPlatforms) = postSolution
		{F13F7C7A-F667-4FAB-B11F-B500850B1B9B}.Debug|Any CPU.ActiveCfg = Debug|Any CPU
		{F13F7C7A-F667-4FAB-B11F-B500850B1B9B}.Debug|Any CPU.Build.0 = Debug|Any CPU
		{F13F7C7A-F667-4FAB-B11F-B500850B1B9B}.Release|Any CPU.ActiveCfg = Release|Any CPU
		{F13F7C7A-F667-4FAB-B11F-B500850B1B9B}.Release|Any CPU.Build.0 = Release|Any CPU
	EndGlobalSection
	GlobalSection(SolutionProperties) = preSolution
		HideSolutionNode = FALSE
	EndGlobalSection
	GlobalSection(ExtensibilityGlobals) = postSolution
		SolutionGuid = {B4AEBC93-3093-418C-B9EE-137FA7B70113}
	EndGlobalSection
EndGlobal
