
Microsoft Visual Studio Solution File, Format Version 12.00
# Visual Studio Version 17
VisualStudioVersion = 17.11.35327.3
MinimumVisualStudioVersion = 10.0.40219.1
Project("{FAE04EC0-301F-11D3-BF4B-00C04F79EFBC}") = "CSE422_NguyenThanhDuy_Lab3", "CSE422_NguyenThanhDuy_Lab3\CSE422_NguyenThanhDuy_Lab3.csproj", "{B5FF1AAA-F0D0-45A3-8BBE-48E449328E2C}"
EndProject
Global
	GlobalSection(SolutionConfigurationPlatforms) = preSolution
		Debug|Any CPU = Debug|Any CPU
		Release|Any CPU = Release|Any CPU
	EndGlobalSection
	GlobalSection(ProjectConfigurationPlatforms) = postSolution
		{B5FF1AAA-F0D0-45A3-8BBE-48E449328E2C}.Debug|Any CPU.ActiveCfg = Debug|Any CPU
		{B5FF1AAA-F0D0-45A3-8BBE-48E449328E2C}.Debug|Any CPU.Build.0 = Debug|Any CPU
		{B5FF1AAA-F0D0-45A3-8BBE-48E449328E2C}.Release|Any CPU.ActiveCfg = Release|Any CPU
		{B5FF1AAA-F0D0-45A3-8BBE-48E449328E2C}.Release|Any CPU.Build.0 = Release|Any CPU
	EndGlobalSection
	GlobalSection(SolutionProperties) = preSolution
		HideSolutionNode = FALSE
	EndGlobalSection
	GlobalSection(ExtensibilityGlobals) = postSolution
		SolutionGuid = {2888853A-7939-4743-9685-71D48C58E69C}
	EndGlobalSection
EndGlobal
